
Microsoft Visual Studio Solution File, Format Version 12.00
# Visual Studio Version 17
VisualStudioVersion = 17.5.33530.505
MinimumVisualStudioVersion = 10.0.40219.1
Project("{FAE04EC0-301F-11D3-BF4B-00C04F79EFBC}") = "lb2q3", "lb2q3\lb2q3.csproj", "{E51F5175-8014-4EA5-B2C6-B81EA3141715}"
EndProject
Global
	GlobalSection(SolutionConfigurationPlatforms) = preSolution
		Debug|Any CPU = Debug|Any CPU
		Release|Any CPU = Release|Any CPU
	EndGlobalSection
	GlobalSection(ProjectConfigurationPlatforms) = postSolution
		{E51F5175-8014-4EA5-B2C6-B81EA3141715}.Debug|Any CPU.ActiveCfg = Debug|Any CPU
		{E51F5175-8014-4EA5-B2C6-B81EA3141715}.Debug|Any CPU.Build.0 = Debug|Any CPU
		{E51F5175-8014-4EA5-B2C6-B81EA3141715}.Release|Any CPU.ActiveCfg = Release|Any CPU
		{E51F5175-8014-4EA5-B2C6-B81EA3141715}.Release|Any CPU.Build.0 = Release|Any CPU
	EndGlobalSection
	GlobalSection(SolutionProperties) = preSolution
		HideSolutionNode = FALSE
	EndGlobalSection
	GlobalSection(ExtensibilityGlobals) = postSolution
		SolutionGuid = {591A65CC-E1DC-4B42-AA0B-1C0D61E6A069}
	EndGlobalSection
EndGlobal
