
Microsoft Visual Studio Solution File, Format Version 12.00
# Visual Studio Version 17
VisualStudioVersion = 17.5.33530.505
MinimumVisualStudioVersion = 10.0.40219.1
Project("{FAE04EC0-301F-11D3-BF4B-00C04F79EFBC}") = "lab4Q2", "lab4Q2\lab4Q2.csproj", "{F7944EAD-BF9A-4B1A-A595-75690E7857BB}"
EndProject
Global
	GlobalSection(SolutionConfigurationPlatforms) = preSolution
		Debug|Any CPU = Debug|Any CPU
		Release|Any CPU = Release|Any CPU
	EndGlobalSection
	GlobalSection(ProjectConfigurationPlatforms) = postSolution
		{F7944EAD-BF9A-4B1A-A595-75690E7857BB}.Debug|Any CPU.ActiveCfg = Debug|Any CPU
		{F7944EAD-BF9A-4B1A-A595-75690E7857BB}.Debug|Any CPU.Build.0 = Debug|Any CPU
		{F7944EAD-BF9A-4B1A-A595-75690E7857BB}.Release|Any CPU.ActiveCfg = Release|Any CPU
		{F7944EAD-BF9A-4B1A-A595-75690E7857BB}.Release|Any CPU.Build.0 = Release|Any CPU
	EndGlobalSection
	GlobalSection(SolutionProperties) = preSolution
		HideSolutionNode = FALSE
	EndGlobalSection
	GlobalSection(ExtensibilityGlobals) = postSolution
		SolutionGuid = {2F621867-2A61-4244-A5A5-C4C954918AF2}
	EndGlobalSection
EndGlobal
