
Microsoft Visual Studio Solution File, Format Version 12.00
# Visual Studio Version 17
VisualStudioVersion = 17.5.33530.505
MinimumVisualStudioVersion = 10.0.40219.1
Project("{FAE04EC0-301F-11D3-BF4B-00C04F79EFBC}") = "lb2Q1", "lb2Q1\lb2Q1.csproj", "{8DBB62BD-3425-4222-912F-13BD4ACCB450}"
EndProject
Global
	GlobalSection(SolutionConfigurationPlatforms) = preSolution
		Debug|Any CPU = Debug|Any CPU
		Release|Any CPU = Release|Any CPU
	EndGlobalSection
	GlobalSection(ProjectConfigurationPlatforms) = postSolution
		{8DBB62BD-3425-4222-912F-13BD4ACCB450}.Debug|Any CPU.ActiveCfg = Debug|Any CPU
		{8DBB62BD-3425-4222-912F-13BD4ACCB450}.Debug|Any CPU.Build.0 = Debug|Any CPU
		{8DBB62BD-3425-4222-912F-13BD4ACCB450}.Release|Any CPU.ActiveCfg = Release|Any CPU
		{8DBB62BD-3425-4222-912F-13BD4ACCB450}.Release|Any CPU.Build.0 = Release|Any CPU
	EndGlobalSection
	GlobalSection(SolutionProperties) = preSolution
		HideSolutionNode = FALSE
	EndGlobalSection
	GlobalSection(ExtensibilityGlobals) = postSolution
		SolutionGuid = {0070A0E2-62D8-43A2-8E7D-FC40652CDD71}
	EndGlobalSection
EndGlobal
