
Microsoft Visual Studio Solution File, Format Version 12.00
# Visual Studio Version 17
VisualStudioVersion = 17.5.33530.505
MinimumVisualStudioVersion = 10.0.40219.1
Project("{FAE04EC0-301F-11D3-BF4B-00C04F79EFBC}") = "lab3Q4", "lab3Q4\lab3Q4.csproj", "{8C267DD8-D7A9-4EBB-A5C2-6A27C9122CDD}"
EndProject
Global
	GlobalSection(SolutionConfigurationPlatforms) = preSolution
		Debug|Any CPU = Debug|Any CPU
		Release|Any CPU = Release|Any CPU
	EndGlobalSection
	GlobalSection(ProjectConfigurationPlatforms) = postSolution
		{8C267DD8-D7A9-4EBB-A5C2-6A27C9122CDD}.Debug|Any CPU.ActiveCfg = Debug|Any CPU
		{8C267DD8-D7A9-4EBB-A5C2-6A27C9122CDD}.Debug|Any CPU.Build.0 = Debug|Any CPU
		{8C267DD8-D7A9-4EBB-A5C2-6A27C9122CDD}.Release|Any CPU.ActiveCfg = Release|Any CPU
		{8C267DD8-D7A9-4EBB-A5C2-6A27C9122CDD}.Release|Any CPU.Build.0 = Release|Any CPU
	EndGlobalSection
	GlobalSection(SolutionProperties) = preSolution
		HideSolutionNode = FALSE
	EndGlobalSection
	GlobalSection(ExtensibilityGlobals) = postSolution
		SolutionGuid = {DE6758D1-84E5-475E-A62F-FFBA23F0E800}
	EndGlobalSection
EndGlobal
