
Microsoft Visual Studio Solution File, Format Version 12.00
# Visual Studio Version 17
VisualStudioVersion = 17.5.33530.505
MinimumVisualStudioVersion = 10.0.40219.1
Project("{FAE04EC0-301F-11D3-BF4B-00C04F79EFBC}") = "lb4Q1", "lb4Q1\lb4Q1.csproj", "{D65DD05A-DFBC-4DE8-9EEF-3E94D2CDD7D2}"
EndProject
Global
	GlobalSection(SolutionConfigurationPlatforms) = preSolution
		Debug|Any CPU = Debug|Any CPU
		Release|Any CPU = Release|Any CPU
	EndGlobalSection
	GlobalSection(ProjectConfigurationPlatforms) = postSolution
		{D65DD05A-DFBC-4DE8-9EEF-3E94D2CDD7D2}.Debug|Any CPU.ActiveCfg = Debug|Any CPU
		{D65DD05A-DFBC-4DE8-9EEF-3E94D2CDD7D2}.Debug|Any CPU.Build.0 = Debug|Any CPU
		{D65DD05A-DFBC-4DE8-9EEF-3E94D2CDD7D2}.Release|Any CPU.ActiveCfg = Release|Any CPU
		{D65DD05A-DFBC-4DE8-9EEF-3E94D2CDD7D2}.Release|Any CPU.Build.0 = Release|Any CPU
	EndGlobalSection
	GlobalSection(SolutionProperties) = preSolution
		HideSolutionNode = FALSE
	EndGlobalSection
	GlobalSection(ExtensibilityGlobals) = postSolution
		SolutionGuid = {EC492823-B268-4F93-97CB-ECE1596F3C0B}
	EndGlobalSection
EndGlobal
